// !$*UTF8*$!
{
	archiveVersion = 1;
	classes = {
	};
	objectVersion = 55;
	objects = {

/* Begin PBXBuildFile section */
		1C33110C27ED23C2007F49C4 /* StockData.swift in Sources */ = {isa = PBXBuildFile; fileRef = 1C33110B27ED23C2007F49C4 /* StockData.swift */; };
		1C3F9F5F27E9319100EF1FE6 /* MyStockListApp.swift in Sources */ = {isa = PBXBuildFile; fileRef = 1C3F9F5E27E9319100EF1FE6 /* MyStockListApp.swift */; };
		1C3F9F6127E9319100EF1FE6 /* ContentView.swift in Sources */ = {isa = PBXBuildFile; fileRef = 1C3F9F6027E9319100EF1FE6 /* ContentView.swift */; };
		1C3F9F6327E9319200EF1FE6 /* Assets.xcassets in Resources */ = {isa = PBXBuildFile; fileRef = 1C3F9F6227E9319200EF1FE6 /* Assets.xcassets */; };
		1C3F9F6627E9319200EF1FE6 /* Preview Assets.xcassets in Resources */ = {isa = PBXBuildFile; fileRef = 1C3F9F6527E9319200EF1FE6 /* Preview Assets.xcassets */; };
		1C3F9F6D27E937BB00EF1FE6 /* FinnhubStockWebSocket.swift in Sources */ = {isa = PBXBuildFile; fileRef = 1C3F9F6C27E937BA00EF1FE6 /* FinnhubStockWebSocket.swift */; };
		1C6D82C52803986800D3FB69 /* BestMatchSymbol.swift in Sources */ = {isa = PBXBuildFile; fileRef = 1C6D82C42803986700D3FB69 /* BestMatchSymbol.swift */; };
		1C6D82C72803991B00D3FB69 /* SymbolMatchApiResponse.swift in Sources */ = {isa = PBXBuildFile; fileRef = 1C6D82C62803991B00D3FB69 /* SymbolMatchApiResponse.swift */; };
		1C6D82CA28039DE800D3FB69 /* FinnhubUtility.swift in Sources */ = {isa = PBXBuildFile; fileRef = 1C6D82C928039DE800D3FB69 /* FinnhubUtility.swift */; };
		1CAB254827EE64CD00626C2C /* StockDescription.swift in Sources */ = {isa = PBXBuildFile; fileRef = 1CAB254727EE64CD00626C2C /* StockDescription.swift */; };
		1CAB254C27EE979400626C2C /* WebSocketError.swift in Sources */ = {isa = PBXBuildFile; fileRef = 1CAB254B27EE979400626C2C /* WebSocketError.swift */; };
		1CD9DFAE282E0D7D00161762 /* AddNewStockView.swift in Sources */ = {isa = PBXBuildFile; fileRef = 1CD9DFAD282E0D7D00161762 /* AddNewStockView.swift */; };
		1CE096ED282CB96A0082181A /* StockDataHandler.swift in Sources */ = {isa = PBXBuildFile; fileRef = 1CE096EC282CB96A0082181A /* StockDataHandler.swift */; };
		1CE3A85728164E4C0073EA72 /* StockList.swift in Sources */ = {isa = PBXBuildFile; fileRef = 1CE3A85628164E4C0073EA72 /* StockList.swift */; };
		1CE3A859281656C40073EA72 /* StockInfo.swift in Sources */ = {isa = PBXBuildFile; fileRef = 1CE3A858281656C40073EA72 /* StockInfo.swift */; };
		FA3F996C5C51A296160E5C3E /* Pods_MyStockList.framework in Frameworks */ = {isa = PBXBuildFile; fileRef = 065CAA2066570B0133A6333D /* Pods_MyStockList.framework */; };
/* End PBXBuildFile section */

/* Begin PBXFileReference section */
		065CAA2066570B0133A6333D /* Pods_MyStockList.framework */ = {isa = PBXFileReference; explicitFileType = wrapper.framework; includeInIndex = 0; path = Pods_MyStockList.framework; sourceTree = BUILT_PRODUCTS_DIR; };
		1C33110B27ED23C2007F49C4 /* StockData.swift */ = {isa = PBXFileReference; lastKnownFileType = sourcecode.swift; path = StockData.swift; sourceTree = "<group>"; };
		1C3F9F5B27E9319100EF1FE6 /* MyStockList.app */ = {isa = PBXFileReference; explicitFileType = wrapper.application; includeInIndex = 0; path = MyStockList.app; sourceTree = BUILT_PRODUCTS_DIR; };
		1C3F9F5E27E9319100EF1FE6 /* MyStockListApp.swift */ = {isa = PBXFileReference; lastKnownFileType = sourcecode.swift; path = MyStockListApp.swift; sourceTree = "<group>"; };
		1C3F9F6027E9319100EF1FE6 /* ContentView.swift */ = {isa = PBXFileReference; lastKnownFileType = sourcecode.swift; path = ContentView.swift; sourceTree = "<group>"; };
		1C3F9F6227E9319200EF1FE6 /* Assets.xcassets */ = {isa = PBXFileReference; lastKnownFileType = folder.assetcatalog; path = Assets.xcassets; sourceTree = "<group>"; };
		1C3F9F6527E9319200EF1FE6 /* Preview Assets.xcassets */ = {isa = PBXFileReference; lastKnownFileType = folder.assetcatalog; path = "Preview Assets.xcassets"; sourceTree = "<group>"; };
		1C3F9F6C27E937BA00EF1FE6 /* FinnhubStockWebSocket.swift */ = {isa = PBXFileReference; lastKnownFileType = sourcecode.swift; path = FinnhubStockWebSocket.swift; sourceTree = "<group>"; };
		1C6D82C42803986700D3FB69 /* BestMatchSymbol.swift */ = {isa = PBXFileReference; lastKnownFileType = sourcecode.swift; path = BestMatchSymbol.swift; sourceTree = "<group>"; };
		1C6D82C62803991B00D3FB69 /* SymbolMatchApiResponse.swift */ = {isa = PBXFileReference; lastKnownFileType = sourcecode.swift; path = SymbolMatchApiResponse.swift; sourceTree = "<group>"; };
		1C6D82C928039DE800D3FB69 /* FinnhubUtility.swift */ = {isa = PBXFileReference; lastKnownFileType = sourcecode.swift; path = FinnhubUtility.swift; sourceTree = "<group>"; };
		1CA293DE27F1734E00C5A1BE /* Config.xcconfig */ = {isa = PBXFileReference; lastKnownFileType = text.xcconfig; path = Config.xcconfig; sourceTree = "<group>"; };
		1CAB254727EE64CD00626C2C /* StockDescription.swift */ = {isa = PBXFileReference; lastKnownFileType = sourcecode.swift; path = StockDescription.swift; sourceTree = "<group>"; };
		1CAB254A27EE94F700626C2C /* Info.plist */ = {isa = PBXFileReference; lastKnownFileType = text.plist; path = Info.plist; sourceTree = "<group>"; };
		1CAB254B27EE979400626C2C /* WebSocketError.swift */ = {isa = PBXFileReference; lastKnownFileType = sourcecode.swift; path = WebSocketError.swift; sourceTree = "<group>"; };
		1CD9DFAD282E0D7D00161762 /* AddNewStockView.swift */ = {isa = PBXFileReference; lastKnownFileType = sourcecode.swift; path = AddNewStockView.swift; sourceTree = "<group>"; };
		1CE096EC282CB96A0082181A /* StockDataHandler.swift */ = {isa = PBXFileReference; lastKnownFileType = sourcecode.swift; path = StockDataHandler.swift; sourceTree = "<group>"; };
		1CE3A85628164E4C0073EA72 /* StockList.swift */ = {isa = PBXFileReference; lastKnownFileType = sourcecode.swift; path = StockList.swift; sourceTree = "<group>"; };
		1CE3A858281656C40073EA72 /* StockInfo.swift */ = {isa = PBXFileReference; lastKnownFileType = sourcecode.swift; path = StockInfo.swift; sourceTree = "<group>"; };
		6C11444CB17C1FF4769C17AD /* Pods-MyStockList.debug.xcconfig */ = {isa = PBXFileReference; includeInIndex = 1; lastKnownFileType = text.xcconfig; name = "Pods-MyStockList.debug.xcconfig"; path = "Target Support Files/Pods-MyStockList/Pods-MyStockList.debug.xcconfig"; sourceTree = "<group>"; };
		C116AA3FFB06BE9461D7E2D9 /* Pods-MyStockList.release.xcconfig */ = {isa = PBXFileReference; includeInIndex = 1; lastKnownFileType = text.xcconfig; name = "Pods-MyStockList.release.xcconfig"; path = "Target Support Files/Pods-MyStockList/Pods-MyStockList.release.xcconfig"; sourceTree = "<group>"; };
/* End PBXFileReference section */

/* Begin PBXFrameworksBuildPhase section */
		1C3F9F5827E9319100EF1FE6 /* Frameworks */ = {
			isa = PBXFrameworksBuildPhase;
			buildActionMask = 2147483647;
			files = (
				FA3F996C5C51A296160E5C3E /* Pods_MyStockList.framework in Frameworks */,
			);
			runOnlyForDeploymentPostprocessing = 0;
		};
/* End PBXFrameworksBuildPhase section */

/* Begin PBXGroup section */
		1C2AB96327FA882200D187B6 /* Model */ = {
			isa = PBXGroup;
			children = (
				1CAB254B27EE979400626C2C /* WebSocketError.swift */,
				1CAB254727EE64CD00626C2C /* StockDescription.swift */,
				1C33110B27ED23C2007F49C4 /* StockData.swift */,
				1C6D82C62803991B00D3FB69 /* SymbolMatchApiResponse.swift */,
				1C6D82C42803986700D3FB69 /* BestMatchSymbol.swift */,
				1CE3A858281656C40073EA72 /* StockInfo.swift */,
			);
			path = Model;
			sourceTree = "<group>";
		};
		1C2AB96427FA883C00D187B6 /* View */ = {
			isa = PBXGroup;
			children = (
				1C3F9F6027E9319100EF1FE6 /* ContentView.swift */,
				1CD9DFAD282E0D7D00161762 /* AddNewStockView.swift */,
			);
			path = View;
			sourceTree = "<group>";
		};
		1C2AB96527FA88F100D187B6 /* Data Layer */ = {
			isa = PBXGroup;
			children = (
				1C3F9F6C27E937BA00EF1FE6 /* FinnhubStockWebSocket.swift */,
			);
			path = "Data Layer";
			sourceTree = "<group>";
		};
		1C3F9F5227E9319100EF1FE6 = {
			isa = PBXGroup;
			children = (
				1CA293DE27F1734E00C5A1BE /* Config.xcconfig */,
				1C3F9F5D27E9319100EF1FE6 /* MyStockList */,
				1C3F9F5C27E9319100EF1FE6 /* Products */,
				9AEDC567F90D75FE47059081 /* Pods */,
				BC82573ADA9572BF3DD8E9A1 /* Frameworks */,
			);
			sourceTree = "<group>";
		};
		1C3F9F5C27E9319100EF1FE6 /* Products */ = {
			isa = PBXGroup;
			children = (
				1C3F9F5B27E9319100EF1FE6 /* MyStockList.app */,
			);
			name = Products;
			sourceTree = "<group>";
		};
		1C3F9F5D27E9319100EF1FE6 /* MyStockList */ = {
			isa = PBXGroup;
			children = (
				1CE096EE282CBA910082181A /* ViewModel */,
				1C6D82C828039DD900D3FB69 /* Utility */,
				1C2AB96527FA88F100D187B6 /* Data Layer */,
				1C2AB96427FA883C00D187B6 /* View */,
				1C2AB96327FA882200D187B6 /* Model */,
				1CAB254A27EE94F700626C2C /* Info.plist */,
				1C3F9F5E27E9319100EF1FE6 /* MyStockListApp.swift */,
				1C3F9F6227E9319200EF1FE6 /* Assets.xcassets */,
				1C3F9F6427E9319200EF1FE6 /* Preview Content */,
			);
			path = MyStockList;
			sourceTree = "<group>";
		};
		1C3F9F6427E9319200EF1FE6 /* Preview Content */ = {
			isa = PBXGroup;
			children = (
				1C3F9F6527E9319200EF1FE6 /* Preview Assets.xcassets */,
			);
			path = "Preview Content";
			sourceTree = "<group>";
		};
		1C6D82C828039DD900D3FB69 /* Utility */ = {
			isa = PBXGroup;
			children = (
				1C6D82C928039DE800D3FB69 /* FinnhubUtility.swift */,
			);
			path = Utility;
			sourceTree = "<group>";
		};
		1CE096EE282CBA910082181A /* ViewModel */ = {
			isa = PBXGroup;
			children = (
				1CE3A85628164E4C0073EA72 /* StockList.swift */,
				1CE096EC282CB96A0082181A /* StockDataHandler.swift */,
			);
			path = ViewModel;
			sourceTree = "<group>";
		};
		9AEDC567F90D75FE47059081 /* Pods */ = {
			isa = PBXGroup;
			children = (
				6C11444CB17C1FF4769C17AD /* Pods-MyStockList.debug.xcconfig */,
				C116AA3FFB06BE9461D7E2D9 /* Pods-MyStockList.release.xcconfig */,
			);
			path = Pods;
			sourceTree = "<group>";
		};
		BC82573ADA9572BF3DD8E9A1 /* Frameworks */ = {
			isa = PBXGroup;
			children = (
				065CAA2066570B0133A6333D /* Pods_MyStockList.framework */,
			);
			name = Frameworks;
			sourceTree = "<group>";
		};
/* End PBXGroup section */

/* Begin PBXNativeTarget section */
		1C3F9F5A27E9319100EF1FE6 /* MyStockList */ = {
			isa = PBXNativeTarget;
			buildConfigurationList = 1C3F9F6927E9319200EF1FE6 /* Build configuration list for PBXNativeTarget "MyStockList" */;
			buildPhases = (
				DABCED5AE51483ABED2A703D /* [CP] Check Pods Manifest.lock */,
				1C3F9F5727E9319100EF1FE6 /* Sources */,
				1C3F9F5827E9319100EF1FE6 /* Frameworks */,
				1C3F9F5927E9319100EF1FE6 /* Resources */,
				CEF8D22179EB3056F001E40B /* [CP] Embed Pods Frameworks */,
			);
			buildRules = (
			);
			dependencies = (
			);
			name = MyStockList;
			productName = MyStockList;
			productReference = 1C3F9F5B27E9319100EF1FE6 /* MyStockList.app */;
			productType = "com.apple.product-type.application";
		};
/* End PBXNativeTarget section */

/* Begin PBXProject section */
		1C3F9F5327E9319100EF1FE6 /* Project object */ = {
			isa = PBXProject;
			attributes = {
				BuildIndependentTargetsInParallel = 1;
				LastSwiftUpdateCheck = 1320;
				LastUpgradeCheck = 1320;
				TargetAttributes = {
					1C3F9F5A27E9319100EF1FE6 = {
						CreatedOnToolsVersion = 13.2.1;
					};
				};
			};
			buildConfigurationList = 1C3F9F5627E9319100EF1FE6 /* Build configuration list for PBXProject "MyStockList" */;
			compatibilityVersion = "Xcode 13.0";
			developmentRegion = en;
			hasScannedForEncodings = 0;
			knownRegions = (
				en,
				Base,
			);
			mainGroup = 1C3F9F5227E9319100EF1FE6;
			productRefGroup = 1C3F9F5C27E9319100EF1FE6 /* Products */;
			projectDirPath = "";
			projectRoot = "";
			targets = (
				1C3F9F5A27E9319100EF1FE6 /* MyStockList */,
			);
		};
/* End PBXProject section */

/* Begin PBXResourcesBuildPhase section */
		1C3F9F5927E9319100EF1FE6 /* Resources */ = {
			isa = PBXResourcesBuildPhase;
			buildActionMask = 2147483647;
			files = (
				1C3F9F6627E9319200EF1FE6 /* Preview Assets.xcassets in Resources */,
				1C3F9F6327E9319200EF1FE6 /* Assets.xcassets in Resources */,
			);
			runOnlyForDeploymentPostprocessing = 0;
		};
/* End PBXResourcesBuildPhase section */

/* Begin PBXShellScriptBuildPhase section */
		CEF8D22179EB3056F001E40B /* [CP] Embed Pods Frameworks */ = {
			isa = PBXShellScriptBuildPhase;
			buildActionMask = 2147483647;
			files = (
			);
			inputFileListPaths = (
				"${PODS_ROOT}/Target Support Files/Pods-MyStockList/Pods-MyStockList-frameworks-${CONFIGURATION}-input-files.xcfilelist",
			);
			name = "[CP] Embed Pods Frameworks";
			outputFileListPaths = (
				"${PODS_ROOT}/Target Support Files/Pods-MyStockList/Pods-MyStockList-frameworks-${CONFIGURATION}-output-files.xcfilelist",
			);
			runOnlyForDeploymentPostprocessing = 0;
			shellPath = /bin/sh;
			shellScript = "\"${PODS_ROOT}/Target Support Files/Pods-MyStockList/Pods-MyStockList-frameworks.sh\"\n";
			showEnvVarsInLog = 0;
		};
		DABCED5AE51483ABED2A703D /* [CP] Check Pods Manifest.lock */ = {
			isa = PBXShellScriptBuildPhase;
			buildActionMask = 2147483647;
			files = (
			);
			inputFileListPaths = (
			);
			inputPaths = (
				"${PODS_PODFILE_DIR_PATH}/Podfile.lock",
				"${PODS_ROOT}/Manifest.lock",
			);
			name = "[CP] Check Pods Manifest.lock";
			outputFileListPaths = (
			);
			outputPaths = (
				"$(DERIVED_FILE_DIR)/Pods-MyStockList-checkManifestLockResult.txt",
			);
			runOnlyForDeploymentPostprocessing = 0;
			shellPath = /bin/sh;
			shellScript = "diff \"${PODS_PODFILE_DIR_PATH}/Podfile.lock\" \"${PODS_ROOT}/Manifest.lock\" > /dev/null\nif [ $? != 0 ] ; then\n    # print error to STDERR\n    echo \"error: The sandbox is not in sync with the Podfile.lock. Run 'pod install' or update your CocoaPods installation.\" >&2\n    exit 1\nfi\n# This output is used by Xcode 'outputs' to avoid re-running this script phase.\necho \"SUCCESS\" > \"${SCRIPT_OUTPUT_FILE_0}\"\n";
			showEnvVarsInLog = 0;
		};
/* End PBXShellScriptBuildPhase section */

/* Begin PBXSourcesBuildPhase section */
		1C3F9F5727E9319100EF1FE6 /* Sources */ = {
			isa = PBXSourcesBuildPhase;
			buildActionMask = 2147483647;
			files = (
				1CAB254827EE64CD00626C2C /* StockDescription.swift in Sources */,
				1C3F9F6D27E937BB00EF1FE6 /* FinnhubStockWebSocket.swift in Sources */,
				1CD9DFAE282E0D7D00161762 /* AddNewStockView.swift in Sources */,
				1CAB254C27EE979400626C2C /* WebSocketError.swift in Sources */,
				1C3F9F6127E9319100EF1FE6 /* ContentView.swift in Sources */,
				1C6D82C72803991B00D3FB69 /* SymbolMatchApiResponse.swift in Sources */,
				1CE3A859281656C40073EA72 /* StockInfo.swift in Sources */,
				1CE3A85728164E4C0073EA72 /* StockList.swift in Sources */,
				1C6D82C52803986800D3FB69 /* BestMatchSymbol.swift in Sources */,
				1C3F9F5F27E9319100EF1FE6 /* MyStockListApp.swift in Sources */,
				1CE096ED282CB96A0082181A /* StockDataHandler.swift in Sources */,
				1C33110C27ED23C2007F49C4 /* StockData.swift in Sources */,
				1C6D82CA28039DE800D3FB69 /* FinnhubUtility.swift in Sources */,
			);
			runOnlyForDeploymentPostprocessing = 0;
		};
/* End PBXSourcesBuildPhase section */

/* Begin XCBuildConfiguration section */
		1C3F9F6727E9319200EF1FE6 /* Debug */ = {
			isa = XCBuildConfiguration;
			baseConfigurationReference = 1CA293DE27F1734E00C5A1BE /* Config.xcconfig */;
			buildSettings = {
				ALWAYS_SEARCH_USER_PATHS = NO;
				CLANG_ANALYZER_NONNULL = YES;
				CLANG_ANALYZER_NUMBER_OBJECT_CONVERSION = YES_AGGRESSIVE;
				CLANG_CXX_LANGUAGE_STANDARD = "gnu++17";
				CLANG_CXX_LIBRARY = "libc++";
				CLANG_ENABLE_MODULES = YES;
				CLANG_ENABLE_OBJC_ARC = YES;
				CLANG_ENABLE_OBJC_WEAK = YES;
				CLANG_WARN_BLOCK_CAPTURE_AUTORELEASING = YES;
				CLANG_WARN_BOOL_CONVERSION = YES;
				CLANG_WARN_COMMA = YES;
				CLANG_WARN_CONSTANT_CONVERSION = YES;
				CLANG_WARN_DEPRECATED_OBJC_IMPLEMENTATIONS = YES;
				CLANG_WARN_DIRECT_OBJC_ISA_USAGE = YES_ERROR;
				CLANG_WARN_DOCUMENTATION_COMMENTS = YES;
				CLANG_WARN_EMPTY_BODY = YES;
				CLANG_WARN_ENUM_CONVERSION = YES;
				CLANG_WARN_INFINITE_RECURSION = YES;
				CLANG_WARN_INT_CONVERSION = YES;
				CLANG_WARN_NON_LITERAL_NULL_CONVERSION = YES;
				CLANG_WARN_OBJC_IMPLICIT_RETAIN_SELF = YES;
				CLANG_WARN_OBJC_LITERAL_CONVERSION = YES;
				CLANG_WARN_OBJC_ROOT_CLASS = YES_ERROR;
				CLANG_WARN_QUOTED_INCLUDE_IN_FRAMEWORK_HEADER = YES;
				CLANG_WARN_RANGE_LOOP_ANALYSIS = YES;
				CLANG_WARN_STRICT_PROTOTYPES = YES;
				CLANG_WARN_SUSPICIOUS_MOVE = YES;
				CLANG_WARN_UNGUARDED_AVAILABILITY = YES_AGGRESSIVE;
				CLANG_WARN_UNREACHABLE_CODE = YES;
				CLANG_WARN__DUPLICATE_METHOD_MATCH = YES;
				COPY_PHASE_STRIP = NO;
				DEBUG_INFORMATION_FORMAT = dwarf;
				ENABLE_STRICT_OBJC_MSGSEND = YES;
				ENABLE_TESTABILITY = YES;
				GCC_C_LANGUAGE_STANDARD = gnu11;
				GCC_DYNAMIC_NO_PIC = NO;
				GCC_NO_COMMON_BLOCKS = YES;
				GCC_OPTIMIZATION_LEVEL = 0;
				GCC_PREPROCESSOR_DEFINITIONS = (
					"DEBUG=1",
					"$(inherited)",
				);
				GCC_WARN_64_TO_32_BIT_CONVERSION = YES;
				GCC_WARN_ABOUT_RETURN_TYPE = YES_ERROR;
				GCC_WARN_UNDECLARED_SELECTOR = YES;
				GCC_WARN_UNINITIALIZED_AUTOS = YES_AGGRESSIVE;
				GCC_WARN_UNUSED_FUNCTION = YES;
				GCC_WARN_UNUSED_VARIABLE = YES;
				IPHONEOS_DEPLOYMENT_TARGET = 15.2;
				MTL_ENABLE_DEBUG_INFO = INCLUDE_SOURCE;
				MTL_FAST_MATH = YES;
				ONLY_ACTIVE_ARCH = YES;
				SDKROOT = iphoneos;
				SWIFT_ACTIVE_COMPILATION_CONDITIONS = DEBUG;
				SWIFT_OPTIMIZATION_LEVEL = "-Onone";
			};
			name = Debug;
		};
		1C3F9F6827E9319200EF1FE6 /* Release */ = {
			isa = XCBuildConfiguration;
			baseConfigurationReference = 1CA293DE27F1734E00C5A1BE /* Config.xcconfig */;
			buildSettings = {
				ALWAYS_SEARCH_USER_PATHS = NO;
				CLANG_ANALYZER_NONNULL = YES;
				CLANG_ANALYZER_NUMBER_OBJECT_CONVERSION = YES_AGGRESSIVE;
				CLANG_CXX_LANGUAGE_STANDARD = "gnu++17";
				CLANG_CXX_LIBRARY = "libc++";
				CLANG_ENABLE_MODULES = YES;
				CLANG_ENABLE_OBJC_ARC = YES;
				CLANG_ENABLE_OBJC_WEAK = YES;
				CLANG_WARN_BLOCK_CAPTURE_AUTORELEASING = YES;
				CLANG_WARN_BOOL_CONVERSION = YES;
				CLANG_WARN_COMMA = YES;
				CLANG_WARN_CONSTANT_CONVERSION = YES;
				CLANG_WARN_DEPRECATED_OBJC_IMPLEMENTATIONS = YES;
				CLANG_WARN_DIRECT_OBJC_ISA_USAGE = YES_ERROR;
				CLANG_WARN_DOCUMENTATION_COMMENTS = YES;
				CLANG_WARN_EMPTY_BODY = YES;
				CLANG_WARN_ENUM_CONVERSION = YES;
				CLANG_WARN_INFINITE_RECURSION = YES;
				CLANG_WARN_INT_CONVERSION = YES;
				CLANG_WARN_NON_LITERAL_NULL_CONVERSION = YES;
				CLANG_WARN_OBJC_IMPLICIT_RETAIN_SELF = YES;
				CLANG_WARN_OBJC_LITERAL_CONVERSION = YES;
				CLANG_WARN_OBJC_ROOT_CLASS = YES_ERROR;
				CLANG_WARN_QUOTED_INCLUDE_IN_FRAMEWORK_HEADER = YES;
				CLANG_WARN_RANGE_LOOP_ANALYSIS = YES;
				CLANG_WARN_STRICT_PROTOTYPES = YES;
				CLANG_WARN_SUSPICIOUS_MOVE = YES;
				CLANG_WARN_UNGUARDED_AVAILABILITY = YES_AGGRESSIVE;
				CLANG_WARN_UNREACHABLE_CODE = YES;
				CLANG_WARN__DUPLICATE_METHOD_MATCH = YES;
				COPY_PHASE_STRIP = NO;
				DEBUG_INFORMATION_FORMAT = "dwarf-with-dsym";
				ENABLE_NS_ASSERTIONS = NO;
				ENABLE_STRICT_OBJC_MSGSEND = YES;
				GCC_C_LANGUAGE_STANDARD = gnu11;
				GCC_NO_COMMON_BLOCKS = YES;
				GCC_WARN_64_TO_32_BIT_CONVERSION = YES;
				GCC_WARN_ABOUT_RETURN_TYPE = YES_ERROR;
				GCC_WARN_UNDECLARED_SELECTOR = YES;
				GCC_WARN_UNINITIALIZED_AUTOS = YES_AGGRESSIVE;
				GCC_WARN_UNUSED_FUNCTION = YES;
				GCC_WARN_UNUSED_VARIABLE = YES;
				IPHONEOS_DEPLOYMENT_TARGET = 15.2;
				MTL_ENABLE_DEBUG_INFO = NO;
				MTL_FAST_MATH = YES;
				SDKROOT = iphoneos;
				SWIFT_COMPILATION_MODE = wholemodule;
				SWIFT_OPTIMIZATION_LEVEL = "-O";
				VALIDATE_PRODUCT = YES;
			};
			name = Release;
		};
		1C3F9F6A27E9319200EF1FE6 /* Debug */ = {
			isa = XCBuildConfiguration;
			baseConfigurationReference = 6C11444CB17C1FF4769C17AD /* Pods-MyStockList.debug.xcconfig */;
			buildSettings = {
				ASSETCATALOG_COMPILER_APPICON_NAME = AppIcon;
				ASSETCATALOG_COMPILER_GLOBAL_ACCENT_COLOR_NAME = AccentColor;
				CODE_SIGN_STYLE = Automatic;
				CURRENT_PROJECT_VERSION = 1;
				DEVELOPMENT_ASSET_PATHS = "\"MyStockList/Preview Content\"";
				ENABLE_PREVIEWS = YES;
				GENERATE_INFOPLIST_FILE = YES;
				INFOPLIST_FILE = MyStockList/Info.plist;
				INFOPLIST_KEY_UIApplicationSceneManifest_Generation = YES;
				INFOPLIST_KEY_UIApplicationSupportsIndirectInputEvents = YES;
				INFOPLIST_KEY_UILaunchScreen_Generation = YES;
				INFOPLIST_KEY_UISupportedInterfaceOrientations_iPad = "UIInterfaceOrientationPortrait UIInterfaceOrientationPortraitUpsideDown UIInterfaceOrientationLandscapeLeft UIInterfaceOrientationLandscapeRight";
				INFOPLIST_KEY_UISupportedInterfaceOrientations_iPhone = "UIInterfaceOrientationPortrait UIInterfaceOrientationLandscapeLeft UIInterfaceOrientationLandscapeRight";
				LD_RUNPATH_SEARCH_PATHS = (
					"$(inherited)",
					"@executable_path/Frameworks",
				);
				MARKETING_VERSION = 1.0;
				PRODUCT_BUNDLE_IDENTIFIER = tiff.MyStockList;
				PRODUCT_NAME = "$(TARGET_NAME)";
				SWIFT_EMIT_LOC_STRINGS = YES;
				SWIFT_VERSION = 5.0;
				TARGETED_DEVICE_FAMILY = "1,2";
			};
			name = Debug;
		};
		1C3F9F6B27E9319200EF1FE6 /* Release */ = {
			isa = XCBuildConfiguration;
			baseConfigurationReference = C116AA3FFB06BE9461D7E2D9 /* Pods-MyStockList.release.xcconfig */;
			buildSettings = {
				ASSETCATALOG_COMPILER_APPICON_NAME = AppIcon;
				ASSETCATALOG_COMPILER_GLOBAL_ACCENT_COLOR_NAME = AccentColor;
				CODE_SIGN_STYLE = Automatic;
				CURRENT_PROJECT_VERSION = 1;
				DEVELOPMENT_ASSET_PATHS = "\"MyStockList/Preview Content\"";
				ENABLE_PREVIEWS = YES;
				GENERATE_INFOPLIST_FILE = YES;
				INFOPLIST_FILE = MyStockList/Info.plist;
				INFOPLIST_KEY_UIApplicationSceneManifest_Generation = YES;
				INFOPLIST_KEY_UIApplicationSupportsIndirectInputEvents = YES;
				INFOPLIST_KEY_UILaunchScreen_Generation = YES;
				INFOPLIST_KEY_UISupportedInterfaceOrientations_iPad = "UIInterfaceOrientationPortrait UIInterfaceOrientationPortraitUpsideDown UIInterfaceOrientationLandscapeLeft UIInterfaceOrientationLandscapeRight";
				INFOPLIST_KEY_UISupportedInterfaceOrientations_iPhone = "UIInterfaceOrientationPortrait UIInterfaceOrientationLandscapeLeft UIInterfaceOrientationLandscapeRight";
				LD_RUNPATH_SEARCH_PATHS = (
					"$(inherited)",
					"@executable_path/Frameworks",
				);
				MARKETING_VERSION = 1.0;
				PRODUCT_BUNDLE_IDENTIFIER = tiff.MyStockList;
				PRODUCT_NAME = "$(TARGET_NAME)";
				SWIFT_EMIT_LOC_STRINGS = YES;
				SWIFT_VERSION = 5.0;
				TARGETED_DEVICE_FAMILY = "1,2";
			};
			name = Release;
		};
/* End XCBuildConfiguration section */

/* Begin XCConfigurationList section */
		1C3F9F5627E9319100EF1FE6 /* Build configuration list for PBXProject "MyStockList" */ = {
			isa = XCConfigurationList;
			buildConfigurations = (
				1C3F9F6727E9319200EF1FE6 /* Debug */,
				1C3F9F6827E9319200EF1FE6 /* Release */,
			);
			defaultConfigurationIsVisible = 0;
			defaultConfigurationName = Release;
		};
		1C3F9F6927E9319200EF1FE6 /* Build configuration list for PBXNativeTarget "MyStockList" */ = {
			isa = XCConfigurationList;
			buildConfigurations = (
				1C3F9F6A27E9319200EF1FE6 /* Debug */,
				1C3F9F6B27E9319200EF1FE6 /* Release */,
			);
			defaultConfigurationIsVisible = 0;
			defaultConfigurationName = Release;
		};
/* End XCConfigurationList section */
	};
	rootObject = 1C3F9F5327E9319100EF1FE6 /* Project object */;
}
